
Microsoft Visual Studio Solution File, Format Version 12.00
# Visual Studio 15
VisualStudioVersion = 15.0.28307.329
MinimumVisualStudioVersion = 10.0.40219.1
Project("{8BC9CEB8-8B4A-11D0-8D11-00A0C91BC942}") = "Alhambra", "Alhambra\Alhambra.vcxproj", "{183123C4-B396-4614-A9F3-675D3454E770}"
EndProject
Project("{8BC9CEB8-8B4A-11D0-8D11-00A0C91BC942}") = "geometry", "geometry\geometry.vcxproj", "{FE52E5C1-F40D-480A-B093-CDF08B4B9911}"
EndProject
Project("{8BC9CEB8-8B4A-11D0-8D11-00A0C91BC942}") = "geometry_tests", "geometry_tests\geometry_tests.vcxproj", "{80B6563F-6504-4ED2-932F-600CACAEF0B4}"
EndProject
Project("{8BC9CEB8-8B4A-11D0-8D11-00A0C91BC942}") = "tiling", "tiling\tiling.vcxproj", "{7E0B3E84-185E-4261-B7C5-9006BC33696F}"
EndProject
Project("{2150E333-8FDC-42A3-9474-1A3956D46DE8}") = "libraries", "libraries", "{7E70964A-D78C-4259-B28C-5A10F8C2C7E7}"
EndProject
Project("{2150E333-8FDC-42A3-9474-1A3956D46DE8}") = "tests", "tests", "{2CE13A24-A6A5-416F-990C-0BBC021CD159}"
EndProject
Project("{8BC9CEB8-8B4A-11D0-8D11-00A0C91BC942}") = "tiling_tests", "tiling_tests\tiling_tests.vcxproj", "{F1A6A9FE-CB92-41C9-AACE-C633E811136C}"
EndProject
Project("{2150E333-8FDC-42A3-9474-1A3956D46DE8}") = "apps", "apps", "{7851F7ED-866A-4F2C-9994-5859A7F699E0}"
EndProject
Project("{8BC9CEB8-8B4A-11D0-8D11-00A0C91BC942}") = "ui", "ui\ui.vcxproj", "{FF1E8408-6478-456A-857B-951DA48060BF}"
EndProject
Project("{8BC9CEB8-8B4A-11D0-8D11-00A0C91BC942}") = "ui_qt", "ui_qt\ui_qt.vcxproj", "{F81CCAC2-EF9A-495F-8F73-D0D41002BEF2}"
EndProject
Project("{8BC9CEB8-8B4A-11D0-8D11-00A0C91BC942}") = "tiling_style", "tiling_style\tiling_style.vcxproj", "{20C07834-D5C5-4071-8A48-A3F45C1DCA4C}"
EndProject
Project("{8BC9CEB8-8B4A-11D0-8D11-00A0C91BC942}") = "tiling_ui_qt", "tiling_ui_qt\tiling_ui_qt.vcxproj", "{1E8FDDCB-24D6-4225-B543-545EE3608905}"
EndProject
Project("{54435603-DBB4-11D2-8724-00A0C9A8B90C}") = "installer", "installer\installer.vdproj", "{E338EBC1-3328-42BC-A099-57DEA50F5C25}"
EndProject
Global
	GlobalSection(SolutionConfigurationPlatforms) = preSolution
		Debug|x64 = Debug|x64
		Release|x64 = Release|x64
	EndGlobalSection
	GlobalSection(ProjectConfigurationPlatforms) = postSolution
		{183123C4-B396-4614-A9F3-675D3454E770}.Debug|x64.ActiveCfg = Debug|x64
		{183123C4-B396-4614-A9F3-675D3454E770}.Debug|x64.Build.0 = Debug|x64
		{183123C4-B396-4614-A9F3-675D3454E770}.Release|x64.ActiveCfg = Release|x64
		{183123C4-B396-4614-A9F3-675D3454E770}.Release|x64.Build.0 = Release|x64
		{FE52E5C1-F40D-480A-B093-CDF08B4B9911}.Debug|x64.ActiveCfg = Debug|x64
		{FE52E5C1-F40D-480A-B093-CDF08B4B9911}.Debug|x64.Build.0 = Debug|x64
		{FE52E5C1-F40D-480A-B093-CDF08B4B9911}.Release|x64.ActiveCfg = Release|x64
		{FE52E5C1-F40D-480A-B093-CDF08B4B9911}.Release|x64.Build.0 = Release|x64
		{80B6563F-6504-4ED2-932F-600CACAEF0B4}.Debug|x64.ActiveCfg = Debug|x64
		{80B6563F-6504-4ED2-932F-600CACAEF0B4}.Debug|x64.Build.0 = Debug|x64
		{80B6563F-6504-4ED2-932F-600CACAEF0B4}.Release|x64.ActiveCfg = Release|x64
		{80B6563F-6504-4ED2-932F-600CACAEF0B4}.Release|x64.Build.0 = Release|x64
		{7E0B3E84-185E-4261-B7C5-9006BC33696F}.Debug|x64.ActiveCfg = Debug|x64
		{7E0B3E84-185E-4261-B7C5-9006BC33696F}.Debug|x64.Build.0 = Debug|x64
		{7E0B3E84-185E-4261-B7C5-9006BC33696F}.Release|x64.ActiveCfg = Release|x64
		{7E0B3E84-185E-4261-B7C5-9006BC33696F}.Release|x64.Build.0 = Release|x64
		{F1A6A9FE-CB92-41C9-AACE-C633E811136C}.Debug|x64.ActiveCfg = Debug|x64
		{F1A6A9FE-CB92-41C9-AACE-C633E811136C}.Debug|x64.Build.0 = Debug|x64
		{F1A6A9FE-CB92-41C9-AACE-C633E811136C}.Release|x64.ActiveCfg = Release|x64
		{F1A6A9FE-CB92-41C9-AACE-C633E811136C}.Release|x64.Build.0 = Release|x64
		{FF1E8408-6478-456A-857B-951DA48060BF}.Debug|x64.ActiveCfg = Debug|x64
		{FF1E8408-6478-456A-857B-951DA48060BF}.Debug|x64.Build.0 = Debug|x64
		{FF1E8408-6478-456A-857B-951DA48060BF}.Release|x64.ActiveCfg = Release|x64
		{FF1E8408-6478-456A-857B-951DA48060BF}.Release|x64.Build.0 = Release|x64
		{F81CCAC2-EF9A-495F-8F73-D0D41002BEF2}.Debug|x64.ActiveCfg = Debug|x64
		{F81CCAC2-EF9A-495F-8F73-D0D41002BEF2}.Debug|x64.Build.0 = Debug|x64
		{F81CCAC2-EF9A-495F-8F73-D0D41002BEF2}.Release|x64.ActiveCfg = Release|x64
		{F81CCAC2-EF9A-495F-8F73-D0D41002BEF2}.Release|x64.Build.0 = Release|x64
		{20C07834-D5C5-4071-8A48-A3F45C1DCA4C}.Debug|x64.ActiveCfg = Debug|x64
		{20C07834-D5C5-4071-8A48-A3F45C1DCA4C}.Debug|x64.Build.0 = Debug|x64
		{20C07834-D5C5-4071-8A48-A3F45C1DCA4C}.Release|x64.ActiveCfg = Release|x64
		{20C07834-D5C5-4071-8A48-A3F45C1DCA4C}.Release|x64.Build.0 = Release|x64
		{1E8FDDCB-24D6-4225-B543-545EE3608905}.Debug|x64.ActiveCfg = Debug|x64
		{1E8FDDCB-24D6-4225-B543-545EE3608905}.Debug|x64.Build.0 = Debug|x64
		{1E8FDDCB-24D6-4225-B543-545EE3608905}.Release|x64.ActiveCfg = Release|x64
		{1E8FDDCB-24D6-4225-B543-545EE3608905}.Release|x64.Build.0 = Release|x64
		{E338EBC1-3328-42BC-A099-57DEA50F5C25}.Debug|x64.ActiveCfg = Debug
		{E338EBC1-3328-42BC-A099-57DEA50F5C25}.Debug|x64.Build.0 = Debug
		{E338EBC1-3328-42BC-A099-57DEA50F5C25}.Release|x64.ActiveCfg = Release
		{E338EBC1-3328-42BC-A099-57DEA50F5C25}.Release|x64.Build.0 = Release
	EndGlobalSection
	GlobalSection(SolutionProperties) = preSolution
		HideSolutionNode = FALSE
	EndGlobalSection
	GlobalSection(NestedProjects) = preSolution
		{183123C4-B396-4614-A9F3-675D3454E770} = {7851F7ED-866A-4F2C-9994-5859A7F699E0}
		{FE52E5C1-F40D-480A-B093-CDF08B4B9911} = {7E70964A-D78C-4259-B28C-5A10F8C2C7E7}
		{80B6563F-6504-4ED2-932F-600CACAEF0B4} = {2CE13A24-A6A5-416F-990C-0BBC021CD159}
		{7E0B3E84-185E-4261-B7C5-9006BC33696F} = {7E70964A-D78C-4259-B28C-5A10F8C2C7E7}
		{F1A6A9FE-CB92-41C9-AACE-C633E811136C} = {2CE13A24-A6A5-416F-990C-0BBC021CD159}
		{FF1E8408-6478-456A-857B-951DA48060BF} = {7E70964A-D78C-4259-B28C-5A10F8C2C7E7}
		{F81CCAC2-EF9A-495F-8F73-D0D41002BEF2} = {7E70964A-D78C-4259-B28C-5A10F8C2C7E7}
		{20C07834-D5C5-4071-8A48-A3F45C1DCA4C} = {7E70964A-D78C-4259-B28C-5A10F8C2C7E7}
		{1E8FDDCB-24D6-4225-B543-545EE3608905} = {7E70964A-D78C-4259-B28C-5A10F8C2C7E7}
		{E338EBC1-3328-42BC-A099-57DEA50F5C25} = {7851F7ED-866A-4F2C-9994-5859A7F699E0}
	EndGlobalSection
	GlobalSection(ExtensibilityGlobals) = postSolution
		SolutionGuid = {383F2ED1-3460-4C49-9DDD-4A5DDDCDA68A}
	EndGlobalSection
EndGlobal
