<?xml version="1.0" encoding="utf-8"?>
<Project ToolsVersion="4.0" xmlns="http://schemas.microsoft.com/developer/msbuild/2003">
  <ItemGroup>
    <Filter Include="Source Files">
      <UniqueIdentifier>{4FC737F1-C7A5-4376-A066-2A32D752A2FF}</UniqueIdentifier>
      <Extensions>cpp;c;cc;cxx;def;odl;idl;hpj;bat;asm;asmx</Extensions>
    </Filter>
    <Filter Include="Header Files">
      <UniqueIdentifier>{93995380-89BD-4b04-88EB-625FBE52EBFB}</UniqueIdentifier>
      <Extensions>h;hh;hpp;hxx;hm;inl;inc;ipp;xsd</Extensions>
    </Filter>
    <Filter Include="Resource Files">
      <UniqueIdentifier>{67DA6AB6-F800-4c08-8B7A-83BB121AAD01}</UniqueIdentifier>
      <Extensions>rc;ico;cur;bmp;dlg;rc2;rct;bin;rgs;gif;jpg;jpeg;jpe;resx;tiff;tif;png;wav;mfcribbon-ms</Extensions>
    </Filter>
  </ItemGroup>
  <ItemGroup>
    <ClInclude Include="inc\dak\ui_qt\paint_device_drawing.h">
      <Filter>Header Files</Filter>
    </ClInclude>
    <ClInclude Include="inc\dak\ui_qt\painter_drawing.h">
      <Filter>Header Files</Filter>
    </ClInclude>
    <ClInclude Include="inc\dak\ui_qt\convert.h">
      <Filter>Header Files</Filter>
    </ClInclude>
    <ClInclude Include="inc\dak\ui_qt\painter_transformable.h">
      <Filter>Header Files</Filter>
    </ClInclude>
    <ClInclude Include="inc\dak\ui_qt\widget_mouse_emitter.h">
      <Filter>Header Files</Filter>
    </ClInclude>
    <ClInclude Include="inc\dak\ui_qt\paint_device_transformable.h">
      <Filter>Header Files</Filter>
    </ClInclude>
    <ClInclude Include="inc\dak\ui_qt\mosaic_canvas.h">
      <Filter>Header Files</Filter>
    </ClInclude>
    <ClInclude Include="inc\dak\ui_qt\canvas.h">
      <Filter>Header Files</Filter>
    </ClInclude>
    <ClInclude Include="inc\dak\ui_qt\layered_canvas.h">
      <Filter>Header Files</Filter>
    </ClInclude>
    <ClInclude Include="inc\dak\ui_qt\double_editor.h">
      <Filter>Header Files</Filter>
    </ClInclude>
    <ClInclude Include="inc\dak\ui_qt\int_editor.h">
      <Filter>Header Files</Filter>
    </ClInclude>
    <ClInclude Include="inc\dak\ui_qt\map_canvas.h">
      <Filter>Header Files</Filter>
    </ClInclude>
    <ClInclude Include="inc\dak\ui_qt\tiling_canvas.h">
      <Filter>Header Files</Filter>
    </ClInclude>
    <ClInclude Include="inc\dak\ui_qt\utility.h">
      <Filter>Header Files</Filter>
    </ClInclude>
    <ClInclude Include="inc\dak\ui_qt\ask.h">
      <Filter>Header Files</Filter>
    </ClInclude>
    <ClInclude Include="inc\dak\ui_qt\message_reporter.h">
      <Filter>Header Files</Filter>
    </ClInclude>
    <ClInclude Include="inc\dak\ui_qt\drawing_canvas.h">
      <Filter>Header Files</Filter>
    </ClInclude>
    <ClInclude Include="inc\dak\ui_qt\qt_drawing.h">
      <Filter>Header Files</Filter>
    </ClInclude>
  </ItemGroup>
  <ItemGroup>
    <ClCompile Include="src\convert.cpp">
      <Filter>Source Files</Filter>
    </ClCompile>
    <ClCompile Include="src\paint_device_drawing.cpp">
      <Filter>Source Files</Filter>
    </ClCompile>
    <ClCompile Include="src\painter_drawing.cpp">
      <Filter>Source Files</Filter>
    </ClCompile>
    <ClCompile Include="src\painter_transformable.cpp">
      <Filter>Source Files</Filter>
    </ClCompile>
    <ClCompile Include="src\widget_mouse_emitter.cpp">
      <Filter>Source Files</Filter>
    </ClCompile>
    <ClCompile Include="src\paint_device_transformable.cpp">
      <Filter>Source Files</Filter>
    </ClCompile>
    <ClCompile Include="src\mosaic_canvas.cpp">
      <Filter>Source Files</Filter>
    </ClCompile>
    <ClCompile Include="src\layered_canvas.cpp">
      <Filter>Source Files</Filter>
    </ClCompile>
    <ClCompile Include="src\canvas.cpp">
      <Filter>Source Files</Filter>
    </ClCompile>
    <ClCompile Include="src\double_editor.cpp">
      <Filter>Source Files</Filter>
    </ClCompile>
    <ClCompile Include="src\int_editor.cpp">
      <Filter>Source Files</Filter>
    </ClCompile>
    <ClCompile Include="src\map_canvas.cpp">
      <Filter>Source Files</Filter>
    </ClCompile>
    <ClCompile Include="src\tiling_canvas.cpp">
      <Filter>Source Files</Filter>
    </ClCompile>
    <ClCompile Include="src\ask.cpp">
      <Filter>Source Files</Filter>
    </ClCompile>
    <ClCompile Include="src\utility.cpp">
      <Filter>Source Files</Filter>
    </ClCompile>
    <ClCompile Include="src\drawing_canvas.cpp">
      <Filter>Source Files</Filter>
    </ClCompile>
    <ClCompile Include="src\qt_drawing.cpp">
      <Filter>Source Files</Filter>
    </ClCompile>
    <ClCompile Include="src\message_reporter.cpp">
      <Filter>Source Files</Filter>
    </ClCompile>
  </ItemGroup>
</Project>